
Microsoft Visual Studio Solution File, Format Version 12.00
# Visual Studio Version 17
VisualStudioVersion = 17.4.33213.308
MinimumVisualStudioVersion = 10.0.40219.1
Project("{FAE04EC0-301F-11D3-BF4B-00C04F79EFBC}") = "comp003a.lecture,activity1", "comp003a.lecture,activity1\comp003a.lecture,activity1.csproj", "{FBA481FB-ACAA-4025-BD53-BF10594687E7}"
EndProject
Global
	GlobalSection(SolutionConfigurationPlatforms) = preSolution
		Debug|Any CPU = Debug|Any CPU
		Release|Any CPU = Release|Any CPU
	EndGlobalSection
	GlobalSection(ProjectConfigurationPlatforms) = postSolution
		{FBA481FB-ACAA-4025-BD53-BF10594687E7}.Debug|Any CPU.ActiveCfg = Debug|Any CPU
		{FBA481FB-ACAA-4025-BD53-BF10594687E7}.Debug|Any CPU.Build.0 = Debug|Any CPU
		{FBA481FB-ACAA-4025-BD53-BF10594687E7}.Release|Any CPU.ActiveCfg = Release|Any CPU
		{FBA481FB-ACAA-4025-BD53-BF10594687E7}.Release|Any CPU.Build.0 = Release|Any CPU
	EndGlobalSection
	GlobalSection(SolutionProperties) = preSolution
		HideSolutionNode = FALSE
	EndGlobalSection
	GlobalSection(ExtensibilityGlobals) = postSolution
		SolutionGuid = {F852F256-8683-478A-B756-046FA90C6F90}
	EndGlobalSection
EndGlobal
